
Microsoft Visual Studio Solution File, Format Version 12.00
# Visual Studio Version 16
VisualStudioVersion = 16.0.31515.178
MinimumVisualStudioVersion = 10.0.40219.1
Project("{FAE04EC0-301F-11D3-BF4B-00C04F79EFBC}") = "Calculator", "Calculator.csproj", "{DAB3DFCF-FEF4-4D73-8659-B9F00F8B79D4}"
EndProject
Global
	GlobalSection(SolutionConfigurationPlatforms) = preSolution
		Debug|Any CPU = Debug|Any CPU
		Release|Any CPU = Release|Any CPU
	EndGlobalSection
	GlobalSection(ProjectConfigurationPlatforms) = postSolution
		{DAB3DFCF-FEF4-4D73-8659-B9F00F8B79D4}.Debug|Any CPU.ActiveCfg = Debug|Any CPU
		{DAB3DFCF-FEF4-4D73-8659-B9F00F8B79D4}.Debug|Any CPU.Build.0 = Debug|Any CPU
		{DAB3DFCF-FEF4-4D73-8659-B9F00F8B79D4}.Release|Any CPU.ActiveCfg = Release|Any CPU
		{DAB3DFCF-FEF4-4D73-8659-B9F00F8B79D4}.Release|Any CPU.Build.0 = Release|Any CPU
	EndGlobalSection
	GlobalSection(SolutionProperties) = preSolution
		HideSolutionNode = FALSE
	EndGlobalSection
	GlobalSection(ExtensibilityGlobals) = postSolution
		SolutionGuid = {6381188B-14AD-4B17-974B-C02ADF8A7F20}
	EndGlobalSection
EndGlobal
